
Microsoft Visual Studio Solution File, Format Version 12.00
# Visual Studio 2013
VisualStudioVersion = 12.0.31101.0
MinimumVisualStudioVersion = 10.0.40219.1
Project("{FAE04EC0-301F-11D3-BF4B-00C04F79EFBC}") = "sdlna", "sdlna\sdlna.csproj", "{C99E77FD-0728-4A2F-A9C0-47AAC7CAEFED}"
EndProject
Project("{FAE04EC0-301F-11D3-BF4B-00C04F79EFBC}") = "server", "server\server.csproj", "{232A96F6-A2BF-44C8-B623-6E411F6296F2}"
EndProject
Project("{FAE04EC0-301F-11D3-BF4B-00C04F79EFBC}") = "fsserver", "fsserver\fsserver.csproj", "{50E06B21-E11A-42F0-81E2-0911E771E861}"
EndProject
Project("{FAE04EC0-301F-11D3-BF4B-00C04F79EFBC}") = "thumbs", "thumbs\thumbs.csproj", "{EF29F98A-B8B6-4591-BA29-E71BCC308E98}"
EndProject
Project("{FAE04EC0-301F-11D3-BF4B-00C04F79EFBC}") = "util", "util\util.csproj", "{A8960A7A-887C-40D7-9632-002E94BFC830}"
EndProject
Project("{FAE04EC0-301F-11D3-BF4B-00C04F79EFBC}") = "SimpleDLNA", "SimpleDLNA\SimpleDLNA.csproj", "{9BAEFB29-C818-446B-9BB5-014E6A0CBB49}"
EndProject
Project("{54435603-DBB4-11D2-8724-00A0C9A8B90C}") = "setup", "setup\setup.vdproj", "{3C78015C-E0A0-45BD-BE00-FEF8D1477DAE}"
EndProject
Project("{2150E333-8FDC-42A3-9474-1A3956D46DE8}") = "Global", "Global", "{4710D7C1-4ADC-4D3E-BD48-3295B7573B2A}"
	ProjectSection(SolutionItems) = preProject
		.editorconfig = .editorconfig
		.gitignore = .gitignore
		GlobalAssemblyInfo.cs = GlobalAssemblyInfo.cs
		NgenInstaller.cs = NgenInstaller.cs
	EndProjectSection
EndProject
Project("{FAE04EC0-301F-11D3-BF4B-00C04F79EFBC}") = "NMaier.Windows.Forms", "NMaier.Windows.Forms\NMaier.Windows.Forms.csproj", "{56667283-EBCD-4D63-BF61-FF319CB28A0B}"
EndProject
Project("{2150E333-8FDC-42A3-9474-1A3956D46DE8}") = ".nuget", ".nuget", "{31165120-9D0D-417E-A332-93CD63DDA779}"
	ProjectSection(SolutionItems) = preProject
		.nuget\NuGet.Config = .nuget\NuGet.Config
		.nuget\NuGet.exe = .nuget\NuGet.exe
		.nuget\NuGet.targets = .nuget\NuGet.targets
	EndProjectSection
EndProject
Global
	GlobalSection(SolutionConfigurationPlatforms) = preSolution
		Debug|Any CPU = Debug|Any CPU
		Release|Any CPU = Release|Any CPU
	EndGlobalSection
	GlobalSection(ProjectConfigurationPlatforms) = postSolution
		{C99E77FD-0728-4A2F-A9C0-47AAC7CAEFED}.Debug|Any CPU.ActiveCfg = Debug|Any CPU
		{C99E77FD-0728-4A2F-A9C0-47AAC7CAEFED}.Debug|Any CPU.Build.0 = Debug|Any CPU
		{C99E77FD-0728-4A2F-A9C0-47AAC7CAEFED}.Release|Any CPU.ActiveCfg = Release|Any CPU
		{C99E77FD-0728-4A2F-A9C0-47AAC7CAEFED}.Release|Any CPU.Build.0 = Release|Any CPU
		{232A96F6-A2BF-44C8-B623-6E411F6296F2}.Debug|Any CPU.ActiveCfg = Debug|Any CPU
		{232A96F6-A2BF-44C8-B623-6E411F6296F2}.Debug|Any CPU.Build.0 = Debug|Any CPU
		{232A96F6-A2BF-44C8-B623-6E411F6296F2}.Release|Any CPU.ActiveCfg = Release|Any CPU
		{232A96F6-A2BF-44C8-B623-6E411F6296F2}.Release|Any CPU.Build.0 = Release|Any CPU
		{50E06B21-E11A-42F0-81E2-0911E771E861}.Debug|Any CPU.ActiveCfg = Debug|Any CPU
		{50E06B21-E11A-42F0-81E2-0911E771E861}.Debug|Any CPU.Build.0 = Debug|Any CPU
		{50E06B21-E11A-42F0-81E2-0911E771E861}.Release|Any CPU.ActiveCfg = Release|Any CPU
		{50E06B21-E11A-42F0-81E2-0911E771E861}.Release|Any CPU.Build.0 = Release|Any CPU
		{EF29F98A-B8B6-4591-BA29-E71BCC308E98}.Debug|Any CPU.ActiveCfg = Debug|Any CPU
		{EF29F98A-B8B6-4591-BA29-E71BCC308E98}.Debug|Any CPU.Build.0 = Debug|Any CPU
		{EF29F98A-B8B6-4591-BA29-E71BCC308E98}.Release|Any CPU.ActiveCfg = Release|Any CPU
		{EF29F98A-B8B6-4591-BA29-E71BCC308E98}.Release|Any CPU.Build.0 = Release|Any CPU
		{A8960A7A-887C-40D7-9632-002E94BFC830}.Debug|Any CPU.ActiveCfg = Debug|Any CPU
		{A8960A7A-887C-40D7-9632-002E94BFC830}.Debug|Any CPU.Build.0 = Debug|Any CPU
		{A8960A7A-887C-40D7-9632-002E94BFC830}.Release|Any CPU.ActiveCfg = Release|Any CPU
		{A8960A7A-887C-40D7-9632-002E94BFC830}.Release|Any CPU.Build.0 = Release|Any CPU
		{9BAEFB29-C818-446B-9BB5-014E6A0CBB49}.Debug|Any CPU.ActiveCfg = Debug|Any CPU
		{9BAEFB29-C818-446B-9BB5-014E6A0CBB49}.Debug|Any CPU.Build.0 = Debug|Any CPU
		{9BAEFB29-C818-446B-9BB5-014E6A0CBB49}.Release|Any CPU.ActiveCfg = Release|Any CPU
		{9BAEFB29-C818-446B-9BB5-014E6A0CBB49}.Release|Any CPU.Build.0 = Release|Any CPU
		{3C78015C-E0A0-45BD-BE00-FEF8D1477DAE}.Debug|Any CPU.ActiveCfg = Debug
		{3C78015C-E0A0-45BD-BE00-FEF8D1477DAE}.Release|Any CPU.ActiveCfg = Release
		{56667283-EBCD-4D63-BF61-FF319CB28A0B}.Debug|Any CPU.ActiveCfg = Debug|Any CPU
		{56667283-EBCD-4D63-BF61-FF319CB28A0B}.Debug|Any CPU.Build.0 = Debug|Any CPU
		{56667283-EBCD-4D63-BF61-FF319CB28A0B}.Release|Any CPU.ActiveCfg = Release|Any CPU
		{56667283-EBCD-4D63-BF61-FF319CB28A0B}.Release|Any CPU.Build.0 = Release|Any CPU
	EndGlobalSection
	GlobalSection(SolutionProperties) = preSolution
		HideSolutionNode = FALSE
	EndGlobalSection
EndGlobal
