
Microsoft Visual Studio Solution File, Format Version 11.00
# Visual Studio 2010
Project("{FAE04EC0-301F-11D3-BF4B-00C04F79EFBC}") = "FileStoreRaptorDB", "FileStoreRaptorDB\FileStoreRaptorDB.csproj", "{6961F1C2-41E9-4E7F-8E88-7D4A259B3DF8}"
EndProject
Project("{FAE04EC0-301F-11D3-BF4B-00C04F79EFBC}") = "FileStoreSQLite", "FileStoreSQLite\FileStoreSQLite.csproj", "{25741114-7F31-421E-8D2B-357A3155CEE2}"
EndProject
Project("{FAE04EC0-301F-11D3-BF4B-00C04F79EFBC}") = "fsserver", "fsserver\fsserver.csproj", "{50E06B21-E11A-42F0-81E2-0911E771E861}"
EndProject
Project("{FAE04EC0-301F-11D3-BF4B-00C04F79EFBC}") = "NMaier.Windows.Forms", "NMaier.Windows.Forms\NMaier.Windows.Forms.csproj", "{56667283-EBCD-4D63-BF61-FF319CB28A0B}"
EndProject
Project("{FAE04EC0-301F-11D3-BF4B-00C04F79EFBC}") = "sdlna", "sdlna\sdlna.csproj", "{C99E77FD-0728-4A2F-A9C0-47AAC7CAEFED}"
EndProject
Project("{FAE04EC0-301F-11D3-BF4B-00C04F79EFBC}") = "server", "server\server.csproj", "{232A96F6-A2BF-44C8-B623-6E411F6296F2}"
EndProject
Project("{FAE04EC0-301F-11D3-BF4B-00C04F79EFBC}") = "SimpleDLNA", "SimpleDLNA\SimpleDLNA.csproj", "{9BAEFB29-C818-446B-9BB5-014E6A0CBB49}"
EndProject
Project("{FAE04EC0-301F-11D3-BF4B-00C04F79EFBC}") = "tests", "tests\tests.csproj", "{ED38A2A8-C0E5-4881-8F8E-591B34FD2C06}"
EndProject
Project("{FAE04EC0-301F-11D3-BF4B-00C04F79EFBC}") = "thumbs", "thumbs\thumbs.csproj", "{EF29F98A-B8B6-4591-BA29-E71BCC308E98}"
EndProject
Project("{FAE04EC0-301F-11D3-BF4B-00C04F79EFBC}") = "util", "util\util.csproj", "{A8960A7A-887C-40D7-9632-002E94BFC830}"
EndProject
Global
	GlobalSection(SubversionScc) = preSolution
		Svn-Managed = True
		Manager = AnkhSVN - Subversion Support for Visual Studio
	EndGlobalSection
	GlobalSection(TestCaseManagementSettings) = postSolution
		CategoryFile = Nrd.Core.vsmdi
	EndGlobalSection
	GlobalSection(SolutionConfigurationPlatforms) = preSolution
		Debug|Any CPU = Debug|Any CPU
		Release|Any CPU = Release|Any CPU
	EndGlobalSection
	GlobalSection(ProjectConfigurationPlatforms) = postSolution
		{6961F1C2-41E9-4E7F-8E88-7D4A259B3DF8}.Debug|Any CPU.ActiveCfg = Debug|Any CPU
		{6961F1C2-41E9-4E7F-8E88-7D4A259B3DF8}.Debug|Any CPU.Build.0 = Debug|Any CPU
		{6961F1C2-41E9-4E7F-8E88-7D4A259B3DF8}.Release|Any CPU.ActiveCfg = Release|Any CPU
		{6961F1C2-41E9-4E7F-8E88-7D4A259B3DF8}.Release|Any CPU.Build.0 = Release|Any CPU
		{25741114-7F31-421E-8D2B-357A3155CEE2}.Debug|Any CPU.ActiveCfg = Debug|Any CPU
		{25741114-7F31-421E-8D2B-357A3155CEE2}.Debug|Any CPU.Build.0 = Debug|Any CPU
		{25741114-7F31-421E-8D2B-357A3155CEE2}.Release|Any CPU.ActiveCfg = Release|Any CPU
		{25741114-7F31-421E-8D2B-357A3155CEE2}.Release|Any CPU.Build.0 = Release|Any CPU
		{50E06B21-E11A-42F0-81E2-0911E771E861}.Debug|Any CPU.ActiveCfg = Debug|Any CPU
		{50E06B21-E11A-42F0-81E2-0911E771E861}.Debug|Any CPU.Build.0 = Debug|Any CPU
		{50E06B21-E11A-42F0-81E2-0911E771E861}.Release|Any CPU.ActiveCfg = Release|Any CPU
		{50E06B21-E11A-42F0-81E2-0911E771E861}.Release|Any CPU.Build.0 = Release|Any CPU
		{56667283-EBCD-4D63-BF61-FF319CB28A0B}.Debug|Any CPU.ActiveCfg = Debug|Any CPU
		{56667283-EBCD-4D63-BF61-FF319CB28A0B}.Debug|Any CPU.Build.0 = Debug|Any CPU
		{56667283-EBCD-4D63-BF61-FF319CB28A0B}.Release|Any CPU.ActiveCfg = Release|Any CPU
		{56667283-EBCD-4D63-BF61-FF319CB28A0B}.Release|Any CPU.Build.0 = Release|Any CPU
		{C99E77FD-0728-4A2F-A9C0-47AAC7CAEFED}.Debug|Any CPU.ActiveCfg = Debug|Any CPU
		{C99E77FD-0728-4A2F-A9C0-47AAC7CAEFED}.Debug|Any CPU.Build.0 = Debug|Any CPU
		{C99E77FD-0728-4A2F-A9C0-47AAC7CAEFED}.Release|Any CPU.ActiveCfg = Release|Any CPU
		{C99E77FD-0728-4A2F-A9C0-47AAC7CAEFED}.Release|Any CPU.Build.0 = Release|Any CPU
		{232A96F6-A2BF-44C8-B623-6E411F6296F2}.Debug|Any CPU.ActiveCfg = Debug|Any CPU
		{232A96F6-A2BF-44C8-B623-6E411F6296F2}.Debug|Any CPU.Build.0 = Debug|Any CPU
		{232A96F6-A2BF-44C8-B623-6E411F6296F2}.Release|Any CPU.ActiveCfg = Release|Any CPU
		{232A96F6-A2BF-44C8-B623-6E411F6296F2}.Release|Any CPU.Build.0 = Release|Any CPU
		{9BAEFB29-C818-446B-9BB5-014E6A0CBB49}.Debug|Any CPU.ActiveCfg = Debug|Any CPU
		{9BAEFB29-C818-446B-9BB5-014E6A0CBB49}.Debug|Any CPU.Build.0 = Debug|Any CPU
		{9BAEFB29-C818-446B-9BB5-014E6A0CBB49}.Release|Any CPU.ActiveCfg = Release|Any CPU
		{9BAEFB29-C818-446B-9BB5-014E6A0CBB49}.Release|Any CPU.Build.0 = Release|Any CPU
		{ED38A2A8-C0E5-4881-8F8E-591B34FD2C06}.Debug|Any CPU.ActiveCfg = Debug|Any CPU
		{ED38A2A8-C0E5-4881-8F8E-591B34FD2C06}.Debug|Any CPU.Build.0 = Debug|Any CPU
		{ED38A2A8-C0E5-4881-8F8E-591B34FD2C06}.Release|Any CPU.ActiveCfg = Release|Any CPU
		{ED38A2A8-C0E5-4881-8F8E-591B34FD2C06}.Release|Any CPU.Build.0 = Release|Any CPU
		{EF29F98A-B8B6-4591-BA29-E71BCC308E98}.Debug|Any CPU.ActiveCfg = Debug|Any CPU
		{EF29F98A-B8B6-4591-BA29-E71BCC308E98}.Debug|Any CPU.Build.0 = Debug|Any CPU
		{EF29F98A-B8B6-4591-BA29-E71BCC308E98}.Release|Any CPU.ActiveCfg = Release|Any CPU
		{EF29F98A-B8B6-4591-BA29-E71BCC308E98}.Release|Any CPU.Build.0 = Release|Any CPU
		{A8960A7A-887C-40D7-9632-002E94BFC830}.Debug|Any CPU.ActiveCfg = Debug|Any CPU
		{A8960A7A-887C-40D7-9632-002E94BFC830}.Debug|Any CPU.Build.0 = Debug|Any CPU
		{A8960A7A-887C-40D7-9632-002E94BFC830}.Release|Any CPU.ActiveCfg = Release|Any CPU
		{A8960A7A-887C-40D7-9632-002E94BFC830}.Release|Any CPU.Build.0 = Release|Any CPU
	EndGlobalSection
	GlobalSection(SolutionProperties) = preSolution
		HideSolutionNode = FALSE
	EndGlobalSection
EndGlobal
